
Microsoft Visual Studio Solution File, Format Version 12.00
# Visual Studio 15
VisualStudioVersion = 15.0.28307.489
MinimumVisualStudioVersion = 10.0.40219.1
Project("{FAE04EC0-301F-11D3-BF4B-00C04F79EFBC}") = "Server", "NetWoorkProgramlama\Server.csproj", "{551845BF-B7C4-422A-8CEA-B4855B1F1C1E}"
EndProject
Project("{FAE04EC0-301F-11D3-BF4B-00C04F79EFBC}") = "Collective", "Collective\Collective.csproj", "{D4B269A1-51EB-4112-9B86-C682225A7D9D}"
EndProject
Project("{FAE04EC0-301F-11D3-BF4B-00C04F79EFBC}") = "Client", "Client\Client.csproj", "{128922C3-BF84-4771-ABBF-C652BF1852EB}"
EndProject
Global
	GlobalSection(SolutionConfigurationPlatforms) = preSolution
		Debug|Any CPU = Debug|Any CPU
		Release|Any CPU = Release|Any CPU
	EndGlobalSection
	GlobalSection(ProjectConfigurationPlatforms) = postSolution
		{551845BF-B7C4-422A-8CEA-B4855B1F1C1E}.Debug|Any CPU.ActiveCfg = Debug|Any CPU
		{551845BF-B7C4-422A-8CEA-B4855B1F1C1E}.Debug|Any CPU.Build.0 = Debug|Any CPU
		{551845BF-B7C4-422A-8CEA-B4855B1F1C1E}.Release|Any CPU.ActiveCfg = Release|Any CPU
		{551845BF-B7C4-422A-8CEA-B4855B1F1C1E}.Release|Any CPU.Build.0 = Release|Any CPU
		{D4B269A1-51EB-4112-9B86-C682225A7D9D}.Debug|Any CPU.ActiveCfg = Debug|Any CPU
		{D4B269A1-51EB-4112-9B86-C682225A7D9D}.Debug|Any CPU.Build.0 = Debug|Any CPU
		{D4B269A1-51EB-4112-9B86-C682225A7D9D}.Release|Any CPU.ActiveCfg = Release|Any CPU
		{D4B269A1-51EB-4112-9B86-C682225A7D9D}.Release|Any CPU.Build.0 = Release|Any CPU
		{128922C3-BF84-4771-ABBF-C652BF1852EB}.Debug|Any CPU.ActiveCfg = Debug|Any CPU
		{128922C3-BF84-4771-ABBF-C652BF1852EB}.Debug|Any CPU.Build.0 = Debug|Any CPU
		{128922C3-BF84-4771-ABBF-C652BF1852EB}.Release|Any CPU.ActiveCfg = Release|Any CPU
		{128922C3-BF84-4771-ABBF-C652BF1852EB}.Release|Any CPU.Build.0 = Release|Any CPU
	EndGlobalSection
	GlobalSection(SolutionProperties) = preSolution
		HideSolutionNode = FALSE
	EndGlobalSection
	GlobalSection(ExtensibilityGlobals) = postSolution
		SolutionGuid = {B5AEC5D5-67D1-4E51-B784-4B889955ECAF}
	EndGlobalSection
EndGlobal
